
Microsoft Visual Studio Solution File, Format Version 12.00
# Visual Studio Version 17
VisualStudioVersion = 17.4.33110.190
MinimumVisualStudioVersion = 10.0.40219.1
Project("{FAE04EC0-301F-11D3-BF4B-00C04F79EFBC}") = "RPG Game", "RPG Game\RPG Game.csproj", "{7DDB03BF-E203-4754-A574-5DBAE223BF0F}"
EndProject
Global
	GlobalSection(SolutionConfigurationPlatforms) = preSolution
		Debug|Any CPU = Debug|Any CPU
		Release|Any CPU = Release|Any CPU
	EndGlobalSection
	GlobalSection(ProjectConfigurationPlatforms) = postSolution
		{7DDB03BF-E203-4754-A574-5DBAE223BF0F}.Debug|Any CPU.ActiveCfg = Debug|Any CPU
		{7DDB03BF-E203-4754-A574-5DBAE223BF0F}.Debug|Any CPU.Build.0 = Debug|Any CPU
		{7DDB03BF-E203-4754-A574-5DBAE223BF0F}.Release|Any CPU.ActiveCfg = Release|Any CPU
		{7DDB03BF-E203-4754-A574-5DBAE223BF0F}.Release|Any CPU.Build.0 = Release|Any CPU
	EndGlobalSection
	GlobalSection(SolutionProperties) = preSolution
		HideSolutionNode = FALSE
	EndGlobalSection
	GlobalSection(ExtensibilityGlobals) = postSolution
		SolutionGuid = {99027537-3E6C-474B-8620-5B78FDE34768}
	EndGlobalSection
EndGlobal
